
Microsoft Visual Studio Solution File, Format Version 12.00
# Visual Studio Version 17
VisualStudioVersion = 17.1.32421.90
MinimumVisualStudioVersion = 10.0.40219.1
Project("{FAE04EC0-301F-11D3-BF4B-00C04F79EFBC}") = "Exercício 3", "Exercício 3\Exercício 3.csproj", "{318C7082-E3DA-4F1D-9595-A6134C398C55}"
EndProject
Global
	GlobalSection(SolutionConfigurationPlatforms) = preSolution
		Debug|Any CPU = Debug|Any CPU
		Release|Any CPU = Release|Any CPU
	EndGlobalSection
	GlobalSection(ProjectConfigurationPlatforms) = postSolution
		{318C7082-E3DA-4F1D-9595-A6134C398C55}.Debug|Any CPU.ActiveCfg = Debug|Any CPU
		{318C7082-E3DA-4F1D-9595-A6134C398C55}.Debug|Any CPU.Build.0 = Debug|Any CPU
		{318C7082-E3DA-4F1D-9595-A6134C398C55}.Release|Any CPU.ActiveCfg = Release|Any CPU
		{318C7082-E3DA-4F1D-9595-A6134C398C55}.Release|Any CPU.Build.0 = Release|Any CPU
	EndGlobalSection
	GlobalSection(SolutionProperties) = preSolution
		HideSolutionNode = FALSE
	EndGlobalSection
	GlobalSection(ExtensibilityGlobals) = postSolution
		SolutionGuid = {31EA1564-5194-4C6D-A052-193DBF36AA2A}
	EndGlobalSection
EndGlobal
