
Microsoft Visual Studio Solution File, Format Version 12.00
# Visual Studio Version 17
VisualStudioVersion = 17.2.32516.85
MinimumVisualStudioVersion = 10.0.40219.1
Project("{FAE04EC0-301F-11D3-BF4B-00C04F79EFBC}") = "Exercício 1", "Exercício 1\Exercício 1.csproj", "{035A9B46-D7F6-4A32-8D8F-529C4E962323}"
EndProject
Global
	GlobalSection(SolutionConfigurationPlatforms) = preSolution
		Debug|Any CPU = Debug|Any CPU
		Release|Any CPU = Release|Any CPU
	EndGlobalSection
	GlobalSection(ProjectConfigurationPlatforms) = postSolution
		{035A9B46-D7F6-4A32-8D8F-529C4E962323}.Debug|Any CPU.ActiveCfg = Debug|Any CPU
		{035A9B46-D7F6-4A32-8D8F-529C4E962323}.Debug|Any CPU.Build.0 = Debug|Any CPU
		{035A9B46-D7F6-4A32-8D8F-529C4E962323}.Release|Any CPU.ActiveCfg = Release|Any CPU
		{035A9B46-D7F6-4A32-8D8F-529C4E962323}.Release|Any CPU.Build.0 = Release|Any CPU
	EndGlobalSection
	GlobalSection(SolutionProperties) = preSolution
		HideSolutionNode = FALSE
	EndGlobalSection
	GlobalSection(ExtensibilityGlobals) = postSolution
		SolutionGuid = {438C47BA-47A9-4F39-B377-E57D33341A28}
	EndGlobalSection
EndGlobal
