
Microsoft Visual Studio Solution File, Format Version 12.00
# Visual Studio Version 17
VisualStudioVersion = 17.2.32516.85
MinimumVisualStudioVersion = 10.0.40219.1
Project("{FAE04EC0-301F-11D3-BF4B-00C04F79EFBC}") = "Exercício 2", "Exercício 2\Exercício 2.csproj", "{1801E1F3-7FBA-4100-A20A-48597C73AC42}"
EndProject
Global
	GlobalSection(SolutionConfigurationPlatforms) = preSolution
		Debug|Any CPU = Debug|Any CPU
		Release|Any CPU = Release|Any CPU
	EndGlobalSection
	GlobalSection(ProjectConfigurationPlatforms) = postSolution
		{1801E1F3-7FBA-4100-A20A-48597C73AC42}.Debug|Any CPU.ActiveCfg = Debug|Any CPU
		{1801E1F3-7FBA-4100-A20A-48597C73AC42}.Debug|Any CPU.Build.0 = Debug|Any CPU
		{1801E1F3-7FBA-4100-A20A-48597C73AC42}.Release|Any CPU.ActiveCfg = Release|Any CPU
		{1801E1F3-7FBA-4100-A20A-48597C73AC42}.Release|Any CPU.Build.0 = Release|Any CPU
	EndGlobalSection
	GlobalSection(SolutionProperties) = preSolution
		HideSolutionNode = FALSE
	EndGlobalSection
	GlobalSection(ExtensibilityGlobals) = postSolution
		SolutionGuid = {F7D1C177-4AF7-4213-BD20-4487657DEF23}
	EndGlobalSection
EndGlobal
