
Microsoft Visual Studio Solution File, Format Version 12.00
# Visual Studio Version 17
VisualStudioVersion = 17.1.32421.90
MinimumVisualStudioVersion = 10.0.40219.1
Project("{FAE04EC0-301F-11D3-BF4B-00C04F79EFBC}") = "Exercício 4", "Exercício 4\Exercício 4.csproj", "{FA23D325-7171-4AAC-B58C-06567DCF67D3}"
EndProject
Global
	GlobalSection(SolutionConfigurationPlatforms) = preSolution
		Debug|Any CPU = Debug|Any CPU
		Release|Any CPU = Release|Any CPU
	EndGlobalSection
	GlobalSection(ProjectConfigurationPlatforms) = postSolution
		{FA23D325-7171-4AAC-B58C-06567DCF67D3}.Debug|Any CPU.ActiveCfg = Debug|Any CPU
		{FA23D325-7171-4AAC-B58C-06567DCF67D3}.Debug|Any CPU.Build.0 = Debug|Any CPU
		{FA23D325-7171-4AAC-B58C-06567DCF67D3}.Release|Any CPU.ActiveCfg = Release|Any CPU
		{FA23D325-7171-4AAC-B58C-06567DCF67D3}.Release|Any CPU.Build.0 = Release|Any CPU
	EndGlobalSection
	GlobalSection(SolutionProperties) = preSolution
		HideSolutionNode = FALSE
	EndGlobalSection
	GlobalSection(ExtensibilityGlobals) = postSolution
		SolutionGuid = {B11196F3-FDEC-4187-ACA7-E7BA1333C1D2}
	EndGlobalSection
EndGlobal
