
Microsoft Visual Studio Solution File, Format Version 12.00
# Visual Studio Version 17
VisualStudioVersion = 17.2.32516.85
MinimumVisualStudioVersion = 10.0.40219.1
Project("{FAE04EC0-301F-11D3-BF4B-00C04F79EFBC}") = "Exercício 2", "Exercício 2\Exercício 2.csproj", "{B352C9A8-8E8B-4C82-B297-C598BABFA40F}"
EndProject
Global
	GlobalSection(SolutionConfigurationPlatforms) = preSolution
		Debug|Any CPU = Debug|Any CPU
		Release|Any CPU = Release|Any CPU
	EndGlobalSection
	GlobalSection(ProjectConfigurationPlatforms) = postSolution
		{B352C9A8-8E8B-4C82-B297-C598BABFA40F}.Debug|Any CPU.ActiveCfg = Debug|Any CPU
		{B352C9A8-8E8B-4C82-B297-C598BABFA40F}.Debug|Any CPU.Build.0 = Debug|Any CPU
		{B352C9A8-8E8B-4C82-B297-C598BABFA40F}.Release|Any CPU.ActiveCfg = Release|Any CPU
		{B352C9A8-8E8B-4C82-B297-C598BABFA40F}.Release|Any CPU.Build.0 = Release|Any CPU
	EndGlobalSection
	GlobalSection(SolutionProperties) = preSolution
		HideSolutionNode = FALSE
	EndGlobalSection
	GlobalSection(ExtensibilityGlobals) = postSolution
		SolutionGuid = {CF8C5968-2DEA-4B35-A7B5-7B330B87C440}
	EndGlobalSection
EndGlobal
