
Microsoft Visual Studio Solution File, Format Version 12.00
# Visual Studio Version 17
VisualStudioVersion = 17.1.32421.90
MinimumVisualStudioVersion = 10.0.40219.1
Project("{FAE04EC0-301F-11D3-BF4B-00C04F79EFBC}") = "Exercício 5", "Exercício 5\Exercício 5.csproj", "{0304DD75-6056-4333-BA25-7332AF4405DA}"
EndProject
Global
	GlobalSection(SolutionConfigurationPlatforms) = preSolution
		Debug|Any CPU = Debug|Any CPU
		Release|Any CPU = Release|Any CPU
	EndGlobalSection
	GlobalSection(ProjectConfigurationPlatforms) = postSolution
		{0304DD75-6056-4333-BA25-7332AF4405DA}.Debug|Any CPU.ActiveCfg = Debug|Any CPU
		{0304DD75-6056-4333-BA25-7332AF4405DA}.Debug|Any CPU.Build.0 = Debug|Any CPU
		{0304DD75-6056-4333-BA25-7332AF4405DA}.Release|Any CPU.ActiveCfg = Release|Any CPU
		{0304DD75-6056-4333-BA25-7332AF4405DA}.Release|Any CPU.Build.0 = Release|Any CPU
	EndGlobalSection
	GlobalSection(SolutionProperties) = preSolution
		HideSolutionNode = FALSE
	EndGlobalSection
	GlobalSection(ExtensibilityGlobals) = postSolution
		SolutionGuid = {E44D1FB6-A9A2-4847-B5B6-252A5F46C470}
	EndGlobalSection
EndGlobal
