
Microsoft Visual Studio Solution File, Format Version 12.00
# Visual Studio Version 17
VisualStudioVersion = 17.2.32516.85
MinimumVisualStudioVersion = 10.0.40219.1
Project("{FAE04EC0-301F-11D3-BF4B-00C04F79EFBC}") = "Exercício 6", "Exercício 6\Exercício 6.csproj", "{8ED34663-85C3-4B77-B35D-A348E803CB96}"
EndProject
Global
	GlobalSection(SolutionConfigurationPlatforms) = preSolution
		Debug|Any CPU = Debug|Any CPU
		Release|Any CPU = Release|Any CPU
	EndGlobalSection
	GlobalSection(ProjectConfigurationPlatforms) = postSolution
		{8ED34663-85C3-4B77-B35D-A348E803CB96}.Debug|Any CPU.ActiveCfg = Debug|Any CPU
		{8ED34663-85C3-4B77-B35D-A348E803CB96}.Debug|Any CPU.Build.0 = Debug|Any CPU
		{8ED34663-85C3-4B77-B35D-A348E803CB96}.Release|Any CPU.ActiveCfg = Release|Any CPU
		{8ED34663-85C3-4B77-B35D-A348E803CB96}.Release|Any CPU.Build.0 = Release|Any CPU
	EndGlobalSection
	GlobalSection(SolutionProperties) = preSolution
		HideSolutionNode = FALSE
	EndGlobalSection
	GlobalSection(ExtensibilityGlobals) = postSolution
		SolutionGuid = {5EBE1462-E710-4A4D-9252-5E210F38A295}
	EndGlobalSection
EndGlobal
